// !$*UTF8*$!
{
	archiveVersion = 1;
	classes = {
	};
	objectVersion = 56;
	objects = {

/* Begin PBXBuildFile section */
		C23D49F02B9161E000D8AFAF /* FavoriteViewModel.swift in Sources */ = {isa = PBXBuildFile; fileRef = C23D49EF2B9161E000D8AFAF /* FavoriteViewModel.swift */; };
		C261D4DC2B91A39600501ACB /* TrendingViewController.swift in Sources */ = {isa = PBXBuildFile; fileRef = C261D4DB2B91A39600501ACB /* TrendingViewController.swift */; };
		C261D4DE2B91AE3600501ACB /* MyFavoriteCollectionViewCell.swift in Sources */ = {isa = PBXBuildFile; fileRef = C261D4DD2B91AE3500501ACB /* MyFavoriteCollectionViewCell.swift */; };
		C261D4E02B91BE1B00501ACB /* TopCoinCollectionViewCell.swift in Sources */ = {isa = PBXBuildFile; fileRef = C261D4DF2B91BE1B00501ACB /* TopCoinCollectionViewCell.swift */; };
		C261D4E22B91C3A200501ACB /* RankCollectionViewCell.swift in Sources */ = {isa = PBXBuildFile; fileRef = C261D4E12B91C3A200501ACB /* RankCollectionViewCell.swift */; };
		C261D4E42B91DEDB00501ACB /* TrendingViewModel.swift in Sources */ = {isa = PBXBuildFile; fileRef = C261D4E32B91DEDB00501ACB /* TrendingViewModel.swift */; };
		C261D4E62B920E6900501ACB /* Text.swift in Sources */ = {isa = PBXBuildFile; fileRef = C261D4E52B920E6900501ACB /* Text.swift */; };
		C2F4F3532B8DB0C800E65588 /* AppDelegate.swift in Sources */ = {isa = PBXBuildFile; fileRef = C2F4F3522B8DB0C800E65588 /* AppDelegate.swift */; };
		C2F4F3552B8DB0C800E65588 /* SceneDelegate.swift in Sources */ = {isa = PBXBuildFile; fileRef = C2F4F3542B8DB0C800E65588 /* SceneDelegate.swift */; };
		C2F4F3572B8DB0C800E65588 /* ViewController.swift in Sources */ = {isa = PBXBuildFile; fileRef = C2F4F3562B8DB0C800E65588 /* ViewController.swift */; };
		C2F4F35A2B8DB0C800E65588 /* Main.storyboard in Resources */ = {isa = PBXBuildFile; fileRef = C2F4F3582B8DB0C800E65588 /* Main.storyboard */; };
		C2F4F35C2B8DB0CA00E65588 /* Assets.xcassets in Resources */ = {isa = PBXBuildFile; fileRef = C2F4F35B2B8DB0CA00E65588 /* Assets.xcassets */; };
		C2F4F35F2B8DB0CA00E65588 /* LaunchScreen.storyboard in Resources */ = {isa = PBXBuildFile; fileRef = C2F4F35D2B8DB0CA00E65588 /* LaunchScreen.storyboard */; };
		C2F4F3682B8DB27400E65588 /* SearchViewController.swift in Sources */ = {isa = PBXBuildFile; fileRef = C2F4F3672B8DB27400E65588 /* SearchViewController.swift */; };
		C2F4F36B2B8DB28500E65588 /* BaseViewController.swift in Sources */ = {isa = PBXBuildFile; fileRef = C2F4F36A2B8DB28500E65588 /* BaseViewController.swift */; };
		C2F4F36E2B8DB3D100E65588 /* Then in Frameworks */ = {isa = PBXBuildFile; productRef = C2F4F36D2B8DB3D100E65588 /* Then */; };
		C2F4F3762B8DB83F00E65588 /* SnapKit in Frameworks */ = {isa = PBXBuildFile; productRef = C2F4F3752B8DB83F00E65588 /* SnapKit */; };
		C2F4F3782B8DB83F00E65588 /* SnapKit-Dynamic in Frameworks */ = {isa = PBXBuildFile; productRef = C2F4F3772B8DB83F00E65588 /* SnapKit-Dynamic */; };
		C2F4F37B2B8DB98200E65588 /* Colors.swift in Sources */ = {isa = PBXBuildFile; fileRef = C2F4F37A2B8DB98200E65588 /* Colors.swift */; };
		C2F4F37D2B8DC05700E65588 /* SearchTableViewCell.swift in Sources */ = {isa = PBXBuildFile; fileRef = C2F4F37C2B8DC05700E65588 /* SearchTableViewCell.swift */; };
		C2F4F37F2B8DC09000E65588 /* BaseTableViewCell.swift in Sources */ = {isa = PBXBuildFile; fileRef = C2F4F37E2B8DC09000E65588 /* BaseTableViewCell.swift */; };
		C2F4F3822B8DC35C00E65588 /* APIManager.swift in Sources */ = {isa = PBXBuildFile; fileRef = C2F4F3812B8DC35C00E65588 /* APIManager.swift */; };
		C2F4F3852B8DC37100E65588 /* Alamofire in Frameworks */ = {isa = PBXBuildFile; productRef = C2F4F3842B8DC37100E65588 /* Alamofire */; };
		C2F4F3872B8DC42300E65588 /* SearchAPI.swift in Sources */ = {isa = PBXBuildFile; fileRef = C2F4F3862B8DC42300E65588 /* SearchAPI.swift */; };
		C2F4F38A2B8DC68700E65588 /* Protocol.swift in Sources */ = {isa = PBXBuildFile; fileRef = C2F4F3892B8DC68700E65588 /* Protocol.swift */; };
		C2F4F38E2B8DDCC200E65588 /* Fonts.swift in Sources */ = {isa = PBXBuildFile; fileRef = C2F4F38D2B8DDCC200E65588 /* Fonts.swift */; };
		C2F4F3902B8DE50C00E65588 /* SearchViewModel.swift in Sources */ = {isa = PBXBuildFile; fileRef = C2F4F38F2B8DE50C00E65588 /* SearchViewModel.swift */; };
		C2F4F3932B8DE58000E65588 /* Observable.swift in Sources */ = {isa = PBXBuildFile; fileRef = C2F4F3922B8DE58000E65588 /* Observable.swift */; };
		C2F4F3962B8DEAC700E65588 /* Kingfisher in Frameworks */ = {isa = PBXBuildFile; productRef = C2F4F3952B8DEAC700E65588 /* Kingfisher */; };
		C2F4F39A2B8EAEC200E65588 /* FavoriteViewController.swift in Sources */ = {isa = PBXBuildFile; fileRef = C2F4F3992B8EAEC200E65588 /* FavoriteViewController.swift */; };
		C2F4F39E2B8EB2DD00E65588 /* FavoriteCollectionViewCell.swift in Sources */ = {isa = PBXBuildFile; fileRef = C2F4F39D2B8EB2DD00E65588 /* FavoriteCollectionViewCell.swift */; };
		C2F4F3A02B8EB2EA00E65588 /* BaseCollectionViewCell.swift in Sources */ = {isa = PBXBuildFile; fileRef = C2F4F39F2B8EB2EA00E65588 /* BaseCollectionViewCell.swift */; };
		C2F4F3C12B8F033400E65588 /* Realm in Frameworks */ = {isa = PBXBuildFile; productRef = C2F4F3C02B8F033400E65588 /* Realm */; };
		C2F4F3C32B8F033400E65588 /* RealmSwift in Frameworks */ = {isa = PBXBuildFile; productRef = C2F4F3C22B8F033400E65588 /* RealmSwift */; };
		C2F4F3C62B8F036400E65588 /* CoinRealmModel.swift in Sources */ = {isa = PBXBuildFile; fileRef = C2F4F3C52B8F036400E65588 /* CoinRealmModel.swift */; };
		C2F4F3C82B8F06FD00E65588 /* repositoryCRUD.swift in Sources */ = {isa = PBXBuildFile; fileRef = C2F4F3C72B8F06FD00E65588 /* repositoryCRUD.swift */; };
		C2F4F3CD2B8F2CE600E65588 /* ChartViewController.swift in Sources */ = {isa = PBXBuildFile; fileRef = C2F4F3CC2B8F2CE600E65588 /* ChartViewController.swift */; };
		C2F4F3CF2B8F3D7600E65588 /* ChartPriceCollectionViewCell.swift in Sources */ = {isa = PBXBuildFile; fileRef = C2F4F3CE2B8F3D7600E65588 /* ChartPriceCollectionViewCell.swift */; };
		C2F4F3D22B8F445500E65588 /* DGCharts in Frameworks */ = {isa = PBXBuildFile; productRef = C2F4F3D12B8F445500E65588 /* DGCharts */; };
		C2F4F3D42B8F445500E65588 /* DGChartsDynamic in Frameworks */ = {isa = PBXBuildFile; productRef = C2F4F3D32B8F445500E65588 /* DGChartsDynamic */; };
		C2F4F4062B90567C00E65588 /* Toast in Frameworks */ = {isa = PBXBuildFile; productRef = C2F4F4052B90567C00E65588 /* Toast */; };
		C2F4F4082B909F9100E65588 /* PriceAPI.swift in Sources */ = {isa = PBXBuildFile; fileRef = C2F4F4072B909F9100E65588 /* PriceAPI.swift */; };
		C2F4F40A2B90FB0C00E65588 /* ChartViewModel.swift in Sources */ = {isa = PBXBuildFile; fileRef = C2F4F4092B90FB0C00E65588 /* ChartViewModel.swift */; };
/* End PBXBuildFile section */

/* Begin PBXFileReference section */
		C23D49EF2B9161E000D8AFAF /* FavoriteViewModel.swift */ = {isa = PBXFileReference; lastKnownFileType = sourcecode.swift; path = FavoriteViewModel.swift; sourceTree = "<group>"; };
		C261D4DB2B91A39600501ACB /* TrendingViewController.swift */ = {isa = PBXFileReference; lastKnownFileType = sourcecode.swift; path = TrendingViewController.swift; sourceTree = "<group>"; };
		C261D4DD2B91AE3500501ACB /* MyFavoriteCollectionViewCell.swift */ = {isa = PBXFileReference; lastKnownFileType = sourcecode.swift; path = MyFavoriteCollectionViewCell.swift; sourceTree = "<group>"; };
		C261D4DF2B91BE1B00501ACB /* TopCoinCollectionViewCell.swift */ = {isa = PBXFileReference; lastKnownFileType = sourcecode.swift; path = TopCoinCollectionViewCell.swift; sourceTree = "<group>"; };
		C261D4E12B91C3A200501ACB /* RankCollectionViewCell.swift */ = {isa = PBXFileReference; lastKnownFileType = sourcecode.swift; path = RankCollectionViewCell.swift; sourceTree = "<group>"; };
		C261D4E32B91DEDB00501ACB /* TrendingViewModel.swift */ = {isa = PBXFileReference; lastKnownFileType = sourcecode.swift; path = TrendingViewModel.swift; sourceTree = "<group>"; };
		C261D4E52B920E6900501ACB /* Text.swift */ = {isa = PBXFileReference; lastKnownFileType = sourcecode.swift; path = Text.swift; sourceTree = "<group>"; };
		C2F4F34F2B8DB0C800E65588 /* SeSAC_2ndRecap.app */ = {isa = PBXFileReference; explicitFileType = wrapper.application; includeInIndex = 0; path = SeSAC_2ndRecap.app; sourceTree = BUILT_PRODUCTS_DIR; };
		C2F4F3522B8DB0C800E65588 /* AppDelegate.swift */ = {isa = PBXFileReference; lastKnownFileType = sourcecode.swift; path = AppDelegate.swift; sourceTree = "<group>"; };
		C2F4F3542B8DB0C800E65588 /* SceneDelegate.swift */ = {isa = PBXFileReference; lastKnownFileType = sourcecode.swift; path = SceneDelegate.swift; sourceTree = "<group>"; };
		C2F4F3562B8DB0C800E65588 /* ViewController.swift */ = {isa = PBXFileReference; lastKnownFileType = sourcecode.swift; path = ViewController.swift; sourceTree = "<group>"; };
		C2F4F3592B8DB0C800E65588 /* Base */ = {isa = PBXFileReference; lastKnownFileType = file.storyboard; name = Base; path = Base.lproj/Main.storyboard; sourceTree = "<group>"; };
		C2F4F35B2B8DB0CA00E65588 /* Assets.xcassets */ = {isa = PBXFileReference; lastKnownFileType = folder.assetcatalog; path = Assets.xcassets; sourceTree = "<group>"; };
		C2F4F35E2B8DB0CA00E65588 /* Base */ = {isa = PBXFileReference; lastKnownFileType = file.storyboard; name = Base; path = Base.lproj/LaunchScreen.storyboard; sourceTree = "<group>"; };
		C2F4F3602B8DB0CA00E65588 /* Info.plist */ = {isa = PBXFileReference; lastKnownFileType = text.plist.xml; path = Info.plist; sourceTree = "<group>"; };
		C2F4F3672B8DB27400E65588 /* SearchViewController.swift */ = {isa = PBXFileReference; lastKnownFileType = sourcecode.swift; path = SearchViewController.swift; sourceTree = "<group>"; };
		C2F4F36A2B8DB28500E65588 /* BaseViewController.swift */ = {isa = PBXFileReference; lastKnownFileType = sourcecode.swift; path = BaseViewController.swift; sourceTree = "<group>"; };
		C2F4F37A2B8DB98200E65588 /* Colors.swift */ = {isa = PBXFileReference; lastKnownFileType = sourcecode.swift; path = Colors.swift; sourceTree = "<group>"; };
		C2F4F37C2B8DC05700E65588 /* SearchTableViewCell.swift */ = {isa = PBXFileReference; lastKnownFileType = sourcecode.swift; path = SearchTableViewCell.swift; sourceTree = "<group>"; };
		C2F4F37E2B8DC09000E65588 /* BaseTableViewCell.swift */ = {isa = PBXFileReference; lastKnownFileType = sourcecode.swift; path = BaseTableViewCell.swift; sourceTree = "<group>"; };
		C2F4F3812B8DC35C00E65588 /* APIManager.swift */ = {isa = PBXFileReference; lastKnownFileType = sourcecode.swift; path = APIManager.swift; sourceTree = "<group>"; };
		C2F4F3862B8DC42300E65588 /* SearchAPI.swift */ = {isa = PBXFileReference; lastKnownFileType = sourcecode.swift; path = SearchAPI.swift; sourceTree = "<group>"; };
		C2F4F3892B8DC68700E65588 /* Protocol.swift */ = {isa = PBXFileReference; lastKnownFileType = sourcecode.swift; path = Protocol.swift; sourceTree = "<group>"; };
		C2F4F38D2B8DDCC200E65588 /* Fonts.swift */ = {isa = PBXFileReference; lastKnownFileType = sourcecode.swift; path = Fonts.swift; sourceTree = "<group>"; };
		C2F4F38F2B8DE50C00E65588 /* SearchViewModel.swift */ = {isa = PBXFileReference; lastKnownFileType = sourcecode.swift; path = SearchViewModel.swift; sourceTree = "<group>"; };
		C2F4F3922B8DE58000E65588 /* Observable.swift */ = {isa = PBXFileReference; lastKnownFileType = sourcecode.swift; path = Observable.swift; sourceTree = "<group>"; };
		C2F4F3992B8EAEC200E65588 /* FavoriteViewController.swift */ = {isa = PBXFileReference; lastKnownFileType = sourcecode.swift; path = FavoriteViewController.swift; sourceTree = "<group>"; };
		C2F4F39D2B8EB2DD00E65588 /* FavoriteCollectionViewCell.swift */ = {isa = PBXFileReference; lastKnownFileType = sourcecode.swift; path = FavoriteCollectionViewCell.swift; sourceTree = "<group>"; };
		C2F4F39F2B8EB2EA00E65588 /* BaseCollectionViewCell.swift */ = {isa = PBXFileReference; lastKnownFileType = sourcecode.swift; path = BaseCollectionViewCell.swift; sourceTree = "<group>"; };
		C2F4F3C52B8F036400E65588 /* CoinRealmModel.swift */ = {isa = PBXFileReference; lastKnownFileType = sourcecode.swift; path = CoinRealmModel.swift; sourceTree = "<group>"; };
		C2F4F3C72B8F06FD00E65588 /* repositoryCRUD.swift */ = {isa = PBXFileReference; lastKnownFileType = sourcecode.swift; path = repositoryCRUD.swift; sourceTree = "<group>"; };
		C2F4F3CC2B8F2CE600E65588 /* ChartViewController.swift */ = {isa = PBXFileReference; lastKnownFileType = sourcecode.swift; path = ChartViewController.swift; sourceTree = "<group>"; };
		C2F4F3CE2B8F3D7600E65588 /* ChartPriceCollectionViewCell.swift */ = {isa = PBXFileReference; lastKnownFileType = sourcecode.swift; path = ChartPriceCollectionViewCell.swift; sourceTree = "<group>"; };
		C2F4F4072B909F9100E65588 /* PriceAPI.swift */ = {isa = PBXFileReference; lastKnownFileType = sourcecode.swift; path = PriceAPI.swift; sourceTree = "<group>"; };
		C2F4F4092B90FB0C00E65588 /* ChartViewModel.swift */ = {isa = PBXFileReference; lastKnownFileType = sourcecode.swift; path = ChartViewModel.swift; sourceTree = "<group>"; };
/* End PBXFileReference section */

/* Begin PBXFrameworksBuildPhase section */
		C2F4F34C2B8DB0C800E65588 /* Frameworks */ = {
			isa = PBXFrameworksBuildPhase;
			buildActionMask = 2147483647;
			files = (
				C2F4F3D22B8F445500E65588 /* DGCharts in Frameworks */,
				C2F4F3C12B8F033400E65588 /* Realm in Frameworks */,
				C2F4F36E2B8DB3D100E65588 /* Then in Frameworks */,
				C2F4F3C32B8F033400E65588 /* RealmSwift in Frameworks */,
				C2F4F3852B8DC37100E65588 /* Alamofire in Frameworks */,
				C2F4F3762B8DB83F00E65588 /* SnapKit in Frameworks */,
				C2F4F3782B8DB83F00E65588 /* SnapKit-Dynamic in Frameworks */,
				C2F4F3D42B8F445500E65588 /* DGChartsDynamic in Frameworks */,
				C2F4F4062B90567C00E65588 /* Toast in Frameworks */,
				C2F4F3962B8DEAC700E65588 /* Kingfisher in Frameworks */,
			);
			runOnlyForDeploymentPostprocessing = 0;
		};
/* End PBXFrameworksBuildPhase section */

/* Begin PBXGroup section */
		C261D4DA2B91A38900501ACB /* Trending */ = {
			isa = PBXGroup;
			children = (
				C261D4DB2B91A39600501ACB /* TrendingViewController.swift */,
				C261D4DD2B91AE3500501ACB /* MyFavoriteCollectionViewCell.swift */,
				C261D4DF2B91BE1B00501ACB /* TopCoinCollectionViewCell.swift */,
				C261D4E12B91C3A200501ACB /* RankCollectionViewCell.swift */,
				C261D4E32B91DEDB00501ACB /* TrendingViewModel.swift */,
			);
			path = Trending;
			sourceTree = "<group>";
		};
		C2F4F3462B8DB0C800E65588 = {
			isa = PBXGroup;
			children = (
				C2F4F3512B8DB0C800E65588 /* SeSAC_2ndRecap */,
				C2F4F3502B8DB0C800E65588 /* Products */,
			);
			sourceTree = "<group>";
		};
		C2F4F3502B8DB0C800E65588 /* Products */ = {
			isa = PBXGroup;
			children = (
				C2F4F34F2B8DB0C800E65588 /* SeSAC_2ndRecap.app */,
			);
			name = Products;
			sourceTree = "<group>";
		};
		C2F4F3512B8DB0C800E65588 /* SeSAC_2ndRecap */ = {
			isa = PBXGroup;
			children = (
				C2F4F36F2B8DB59000E65588 /* DesignSystem */,
				C261D4DA2B91A38900501ACB /* Trending */,
				C2F4F3CB2B8F2CE000E65588 /* Chart */,
				C2F4F3C42B8F035400E65588 /* Realm */,
				C2F4F3982B8EAEB100E65588 /* Favorite */,
				C2F4F3912B8DE57900E65588 /* Observable */,
				C2F4F3882B8DC68200E65588 /* Protocol */,
				C2F4F3802B8DC34D00E65588 /* Network */,
				C2F4F3692B8DB27F00E65588 /* Base */,
				C2F4F3662B8DB25E00E65588 /* Search */,
				C2F4F3522B8DB0C800E65588 /* AppDelegate.swift */,
				C2F4F3542B8DB0C800E65588 /* SceneDelegate.swift */,
				C2F4F3562B8DB0C800E65588 /* ViewController.swift */,
				C2F4F3582B8DB0C800E65588 /* Main.storyboard */,
				C2F4F35B2B8DB0CA00E65588 /* Assets.xcassets */,
				C2F4F35D2B8DB0CA00E65588 /* LaunchScreen.storyboard */,
				C2F4F3602B8DB0CA00E65588 /* Info.plist */,
			);
			path = SeSAC_2ndRecap;
			sourceTree = "<group>";
		};
		C2F4F3662B8DB25E00E65588 /* Search */ = {
			isa = PBXGroup;
			children = (
				C2F4F3672B8DB27400E65588 /* SearchViewController.swift */,
				C2F4F37C2B8DC05700E65588 /* SearchTableViewCell.swift */,
				C2F4F38F2B8DE50C00E65588 /* SearchViewModel.swift */,
			);
			path = Search;
			sourceTree = "<group>";
		};
		C2F4F3692B8DB27F00E65588 /* Base */ = {
			isa = PBXGroup;
			children = (
				C2F4F36A2B8DB28500E65588 /* BaseViewController.swift */,
				C2F4F37E2B8DC09000E65588 /* BaseTableViewCell.swift */,
				C2F4F39F2B8EB2EA00E65588 /* BaseCollectionViewCell.swift */,
			);
			path = Base;
			sourceTree = "<group>";
		};
		C2F4F36F2B8DB59000E65588 /* DesignSystem */ = {
			isa = PBXGroup;
			children = (
				C2F4F37A2B8DB98200E65588 /* Colors.swift */,
				C2F4F38D2B8DDCC200E65588 /* Fonts.swift */,
				C261D4E52B920E6900501ACB /* Text.swift */,
			);
			path = DesignSystem;
			sourceTree = "<group>";
		};
		C2F4F3802B8DC34D00E65588 /* Network */ = {
			isa = PBXGroup;
			children = (
				C2F4F3812B8DC35C00E65588 /* APIManager.swift */,
				C2F4F3862B8DC42300E65588 /* SearchAPI.swift */,
				C2F4F4072B909F9100E65588 /* PriceAPI.swift */,
			);
			path = Network;
			sourceTree = "<group>";
		};
		C2F4F3882B8DC68200E65588 /* Protocol */ = {
			isa = PBXGroup;
			children = (
				C2F4F3892B8DC68700E65588 /* Protocol.swift */,
			);
			path = Protocol;
			sourceTree = "<group>";
		};
		C2F4F3912B8DE57900E65588 /* Observable */ = {
			isa = PBXGroup;
			children = (
				C2F4F3922B8DE58000E65588 /* Observable.swift */,
			);
			path = Observable;
			sourceTree = "<group>";
		};
		C2F4F3982B8EAEB100E65588 /* Favorite */ = {
			isa = PBXGroup;
			children = (
				C2F4F3992B8EAEC200E65588 /* FavoriteViewController.swift */,
				C2F4F39D2B8EB2DD00E65588 /* FavoriteCollectionViewCell.swift */,
				C23D49EF2B9161E000D8AFAF /* FavoriteViewModel.swift */,
			);
			path = Favorite;
			sourceTree = "<group>";
		};
		C2F4F3C42B8F035400E65588 /* Realm */ = {
			isa = PBXGroup;
			children = (
				C2F4F3C52B8F036400E65588 /* CoinRealmModel.swift */,
				C2F4F3C72B8F06FD00E65588 /* repositoryCRUD.swift */,
			);
			path = Realm;
			sourceTree = "<group>";
		};
		C2F4F3CB2B8F2CE000E65588 /* Chart */ = {
			isa = PBXGroup;
			children = (
				C2F4F3CC2B8F2CE600E65588 /* ChartViewController.swift */,
				C2F4F3CE2B8F3D7600E65588 /* ChartPriceCollectionViewCell.swift */,
				C2F4F4092B90FB0C00E65588 /* ChartViewModel.swift */,
			);
			path = Chart;
			sourceTree = "<group>";
		};
/* End PBXGroup section */

/* Begin PBXNativeTarget section */
		C2F4F34E2B8DB0C800E65588 /* SeSAC_2ndRecap */ = {
			isa = PBXNativeTarget;
			buildConfigurationList = C2F4F3632B8DB0CA00E65588 /* Build configuration list for PBXNativeTarget "SeSAC_2ndRecap" */;
			buildPhases = (
				C2F4F34B2B8DB0C800E65588 /* Sources */,
				C2F4F34C2B8DB0C800E65588 /* Frameworks */,
				C2F4F34D2B8DB0C800E65588 /* Resources */,
			);
			buildRules = (
			);
			dependencies = (
			);
			name = SeSAC_2ndRecap;
			packageProductDependencies = (
				C2F4F36D2B8DB3D100E65588 /* Then */,
				C2F4F3752B8DB83F00E65588 /* SnapKit */,
				C2F4F3772B8DB83F00E65588 /* SnapKit-Dynamic */,
				C2F4F3842B8DC37100E65588 /* Alamofire */,
				C2F4F3952B8DEAC700E65588 /* Kingfisher */,
				C2F4F3C02B8F033400E65588 /* Realm */,
				C2F4F3C22B8F033400E65588 /* RealmSwift */,
				C2F4F3D12B8F445500E65588 /* DGCharts */,
				C2F4F3D32B8F445500E65588 /* DGChartsDynamic */,
				C2F4F4052B90567C00E65588 /* Toast */,
			);
			productName = SeSAC_2ndRecap;
			productReference = C2F4F34F2B8DB0C800E65588 /* SeSAC_2ndRecap.app */;
			productType = "com.apple.product-type.application";
		};
/* End PBXNativeTarget section */

/* Begin PBXProject section */
		C2F4F3472B8DB0C800E65588 /* Project object */ = {
			isa = PBXProject;
			attributes = {
				BuildIndependentTargetsInParallel = 1;
				LastSwiftUpdateCheck = 1510;
				LastUpgradeCheck = 1510;
				TargetAttributes = {
					C2F4F34E2B8DB0C800E65588 = {
						CreatedOnToolsVersion = 15.1;
					};
				};
			};
			buildConfigurationList = C2F4F34A2B8DB0C800E65588 /* Build configuration list for PBXProject "SeSAC_2ndRecap" */;
			compatibilityVersion = "Xcode 14.0";
			developmentRegion = en;
			hasScannedForEncodings = 0;
			knownRegions = (
				en,
				Base,
			);
			mainGroup = C2F4F3462B8DB0C800E65588;
			packageReferences = (
				C2F4F36C2B8DB3D100E65588 /* XCRemoteSwiftPackageReference "Then" */,
				C2F4F3742B8DB83E00E65588 /* XCRemoteSwiftPackageReference "SnapKit" */,
				C2F4F3832B8DC37100E65588 /* XCRemoteSwiftPackageReference "Alamofire" */,
				C2F4F3942B8DEAC700E65588 /* XCRemoteSwiftPackageReference "Kingfisher" */,
				C2F4F3BF2B8F033400E65588 /* XCRemoteSwiftPackageReference "realm-swift" */,
				C2F4F3D02B8F445500E65588 /* XCRemoteSwiftPackageReference "Charts" */,
				C2F4F4042B90567C00E65588 /* XCRemoteSwiftPackageReference "Toast-Swift" */,
			);
			productRefGroup = C2F4F3502B8DB0C800E65588 /* Products */;
			projectDirPath = "";
			projectRoot = "";
			targets = (
				C2F4F34E2B8DB0C800E65588 /* SeSAC_2ndRecap */,
			);
		};
/* End PBXProject section */

/* Begin PBXResourcesBuildPhase section */
		C2F4F34D2B8DB0C800E65588 /* Resources */ = {
			isa = PBXResourcesBuildPhase;
			buildActionMask = 2147483647;
			files = (
				C2F4F35F2B8DB0CA00E65588 /* LaunchScreen.storyboard in Resources */,
				C2F4F35C2B8DB0CA00E65588 /* Assets.xcassets in Resources */,
				C2F4F35A2B8DB0C800E65588 /* Main.storyboard in Resources */,
			);
			runOnlyForDeploymentPostprocessing = 0;
		};
/* End PBXResourcesBuildPhase section */

/* Begin PBXSourcesBuildPhase section */
		C2F4F34B2B8DB0C800E65588 /* Sources */ = {
			isa = PBXSourcesBuildPhase;
			buildActionMask = 2147483647;
			files = (
				C2F4F37F2B8DC09000E65588 /* BaseTableViewCell.swift in Sources */,
				C2F4F36B2B8DB28500E65588 /* BaseViewController.swift in Sources */,
				C261D4E22B91C3A200501ACB /* RankCollectionViewCell.swift in Sources */,
				C2F4F3C62B8F036400E65588 /* CoinRealmModel.swift in Sources */,
				C2F4F3872B8DC42300E65588 /* SearchAPI.swift in Sources */,
				C2F4F3572B8DB0C800E65588 /* ViewController.swift in Sources */,
				C2F4F39A2B8EAEC200E65588 /* FavoriteViewController.swift in Sources */,
				C23D49F02B9161E000D8AFAF /* FavoriteViewModel.swift in Sources */,
				C261D4DC2B91A39600501ACB /* TrendingViewController.swift in Sources */,
				C2F4F3CF2B8F3D7600E65588 /* ChartPriceCollectionViewCell.swift in Sources */,
				C261D4E42B91DEDB00501ACB /* TrendingViewModel.swift in Sources */,
				C2F4F3822B8DC35C00E65588 /* APIManager.swift in Sources */,
				C2F4F40A2B90FB0C00E65588 /* ChartViewModel.swift in Sources */,
				C2F4F3902B8DE50C00E65588 /* SearchViewModel.swift in Sources */,
				C261D4DE2B91AE3600501ACB /* MyFavoriteCollectionViewCell.swift in Sources */,
				C2F4F3CD2B8F2CE600E65588 /* ChartViewController.swift in Sources */,
				C261D4E62B920E6900501ACB /* Text.swift in Sources */,
				C2F4F4082B909F9100E65588 /* PriceAPI.swift in Sources */,
				C2F4F39E2B8EB2DD00E65588 /* FavoriteCollectionViewCell.swift in Sources */,
				C2F4F3532B8DB0C800E65588 /* AppDelegate.swift in Sources */,
				C2F4F38A2B8DC68700E65588 /* Protocol.swift in Sources */,
				C2F4F3C82B8F06FD00E65588 /* repositoryCRUD.swift in Sources */,
				C2F4F3A02B8EB2EA00E65588 /* BaseCollectionViewCell.swift in Sources */,
				C2F4F3682B8DB27400E65588 /* SearchViewController.swift in Sources */,
				C2F4F38E2B8DDCC200E65588 /* Fonts.swift in Sources */,
				C2F4F3932B8DE58000E65588 /* Observable.swift in Sources */,
				C2F4F3552B8DB0C800E65588 /* SceneDelegate.swift in Sources */,
				C261D4E02B91BE1B00501ACB /* TopCoinCollectionViewCell.swift in Sources */,
				C2F4F37B2B8DB98200E65588 /* Colors.swift in Sources */,
				C2F4F37D2B8DC05700E65588 /* SearchTableViewCell.swift in Sources */,
			);
			runOnlyForDeploymentPostprocessing = 0;
		};
/* End PBXSourcesBuildPhase section */

/* Begin PBXVariantGroup section */
		C2F4F3582B8DB0C800E65588 /* Main.storyboard */ = {
			isa = PBXVariantGroup;
			children = (
				C2F4F3592B8DB0C800E65588 /* Base */,
			);
			name = Main.storyboard;
			sourceTree = "<group>";
		};
		C2F4F35D2B8DB0CA00E65588 /* LaunchScreen.storyboard */ = {
			isa = PBXVariantGroup;
			children = (
				C2F4F35E2B8DB0CA00E65588 /* Base */,
			);
			name = LaunchScreen.storyboard;
			sourceTree = "<group>";
		};
/* End PBXVariantGroup section */

/* Begin XCBuildConfiguration section */
		C2F4F3612B8DB0CA00E65588 /* Debug */ = {
			isa = XCBuildConfiguration;
			buildSettings = {
				ALWAYS_SEARCH_USER_PATHS = NO;
				ASSETCATALOG_COMPILER_GENERATE_SWIFT_ASSET_SYMBOL_EXTENSIONS = YES;
				CLANG_ANALYZER_NONNULL = YES;
				CLANG_ANALYZER_NUMBER_OBJECT_CONVERSION = YES_AGGRESSIVE;
				CLANG_CXX_LANGUAGE_STANDARD = "gnu++20";
				CLANG_ENABLE_MODULES = YES;
				CLANG_ENABLE_OBJC_ARC = YES;
				CLANG_ENABLE_OBJC_WEAK = YES;
				CLANG_WARN_BLOCK_CAPTURE_AUTORELEASING = YES;
				CLANG_WARN_BOOL_CONVERSION = YES;
				CLANG_WARN_COMMA = YES;
				CLANG_WARN_CONSTANT_CONVERSION = YES;
				CLANG_WARN_DEPRECATED_OBJC_IMPLEMENTATIONS = YES;
				CLANG_WARN_DIRECT_OBJC_ISA_USAGE = YES_ERROR;
				CLANG_WARN_DOCUMENTATION_COMMENTS = YES;
				CLANG_WARN_EMPTY_BODY = YES;
				CLANG_WARN_ENUM_CONVERSION = YES;
				CLANG_WARN_INFINITE_RECURSION = YES;
				CLANG_WARN_INT_CONVERSION = YES;
				CLANG_WARN_NON_LITERAL_NULL_CONVERSION = YES;
				CLANG_WARN_OBJC_IMPLICIT_RETAIN_SELF = YES;
				CLANG_WARN_OBJC_LITERAL_CONVERSION = YES;
				CLANG_WARN_OBJC_ROOT_CLASS = YES_ERROR;
				CLANG_WARN_QUOTED_INCLUDE_IN_FRAMEWORK_HEADER = YES;
				CLANG_WARN_RANGE_LOOP_ANALYSIS = YES;
				CLANG_WARN_STRICT_PROTOTYPES = YES;
				CLANG_WARN_SUSPICIOUS_MOVE = YES;
				CLANG_WARN_UNGUARDED_AVAILABILITY = YES_AGGRESSIVE;
				CLANG_WARN_UNREACHABLE_CODE = YES;
				CLANG_WARN__DUPLICATE_METHOD_MATCH = YES;
				COPY_PHASE_STRIP = NO;
				DEBUG_INFORMATION_FORMAT = dwarf;
				ENABLE_STRICT_OBJC_MSGSEND = YES;
				ENABLE_TESTABILITY = YES;
				ENABLE_USER_SCRIPT_SANDBOXING = YES;
				GCC_C_LANGUAGE_STANDARD = gnu17;
				GCC_DYNAMIC_NO_PIC = NO;
				GCC_NO_COMMON_BLOCKS = YES;
				GCC_OPTIMIZATION_LEVEL = 0;
				GCC_PREPROCESSOR_DEFINITIONS = (
					"DEBUG=1",
					"$(inherited)",
				);
				GCC_WARN_64_TO_32_BIT_CONVERSION = YES;
				GCC_WARN_ABOUT_RETURN_TYPE = YES_ERROR;
				GCC_WARN_UNDECLARED_SELECTOR = YES;
				GCC_WARN_UNINITIALIZED_AUTOS = YES_AGGRESSIVE;
				GCC_WARN_UNUSED_FUNCTION = YES;
				GCC_WARN_UNUSED_VARIABLE = YES;
				IPHONEOS_DEPLOYMENT_TARGET = 17.2;
				LOCALIZATION_PREFERS_STRING_CATALOGS = YES;
				MTL_ENABLE_DEBUG_INFO = INCLUDE_SOURCE;
				MTL_FAST_MATH = YES;
				ONLY_ACTIVE_ARCH = YES;
				SDKROOT = iphoneos;
				SWIFT_ACTIVE_COMPILATION_CONDITIONS = "DEBUG $(inherited)";
				SWIFT_OPTIMIZATION_LEVEL = "-Onone";
			};
			name = Debug;
		};
		C2F4F3622B8DB0CA00E65588 /* Release */ = {
			isa = XCBuildConfiguration;
			buildSettings = {
				ALWAYS_SEARCH_USER_PATHS = NO;
				ASSETCATALOG_COMPILER_GENERATE_SWIFT_ASSET_SYMBOL_EXTENSIONS = YES;
				CLANG_ANALYZER_NONNULL = YES;
				CLANG_ANALYZER_NUMBER_OBJECT_CONVERSION = YES_AGGRESSIVE;
				CLANG_CXX_LANGUAGE_STANDARD = "gnu++20";
				CLANG_ENABLE_MODULES = YES;
				CLANG_ENABLE_OBJC_ARC = YES;
				CLANG_ENABLE_OBJC_WEAK = YES;
				CLANG_WARN_BLOCK_CAPTURE_AUTORELEASING = YES;
				CLANG_WARN_BOOL_CONVERSION = YES;
				CLANG_WARN_COMMA = YES;
				CLANG_WARN_CONSTANT_CONVERSION = YES;
				CLANG_WARN_DEPRECATED_OBJC_IMPLEMENTATIONS = YES;
				CLANG_WARN_DIRECT_OBJC_ISA_USAGE = YES_ERROR;
				CLANG_WARN_DOCUMENTATION_COMMENTS = YES;
				CLANG_WARN_EMPTY_BODY = YES;
				CLANG_WARN_ENUM_CONVERSION = YES;
				CLANG_WARN_INFINITE_RECURSION = YES;
				CLANG_WARN_INT_CONVERSION = YES;
				CLANG_WARN_NON_LITERAL_NULL_CONVERSION = YES;
				CLANG_WARN_OBJC_IMPLICIT_RETAIN_SELF = YES;
				CLANG_WARN_OBJC_LITERAL_CONVERSION = YES;
				CLANG_WARN_OBJC_ROOT_CLASS = YES_ERROR;
				CLANG_WARN_QUOTED_INCLUDE_IN_FRAMEWORK_HEADER = YES;
				CLANG_WARN_RANGE_LOOP_ANALYSIS = YES;
				CLANG_WARN_STRICT_PROTOTYPES = YES;
				CLANG_WARN_SUSPICIOUS_MOVE = YES;
				CLANG_WARN_UNGUARDED_AVAILABILITY = YES_AGGRESSIVE;
				CLANG_WARN_UNREACHABLE_CODE = YES;
				CLANG_WARN__DUPLICATE_METHOD_MATCH = YES;
				COPY_PHASE_STRIP = NO;
				DEBUG_INFORMATION_FORMAT = "dwarf-with-dsym";
				ENABLE_NS_ASSERTIONS = NO;
				ENABLE_STRICT_OBJC_MSGSEND = YES;
				ENABLE_USER_SCRIPT_SANDBOXING = YES;
				GCC_C_LANGUAGE_STANDARD = gnu17;
				GCC_NO_COMMON_BLOCKS = YES;
				GCC_WARN_64_TO_32_BIT_CONVERSION = YES;
				GCC_WARN_ABOUT_RETURN_TYPE = YES_ERROR;
				GCC_WARN_UNDECLARED_SELECTOR = YES;
				GCC_WARN_UNINITIALIZED_AUTOS = YES_AGGRESSIVE;
				GCC_WARN_UNUSED_FUNCTION = YES;
				GCC_WARN_UNUSED_VARIABLE = YES;
				IPHONEOS_DEPLOYMENT_TARGET = 17.2;
				LOCALIZATION_PREFERS_STRING_CATALOGS = YES;
				MTL_ENABLE_DEBUG_INFO = NO;
				MTL_FAST_MATH = YES;
				SDKROOT = iphoneos;
				SWIFT_COMPILATION_MODE = wholemodule;
				VALIDATE_PRODUCT = YES;
			};
			name = Release;
		};
		C2F4F3642B8DB0CA00E65588 /* Debug */ = {
			isa = XCBuildConfiguration;
			buildSettings = {
				ASSETCATALOG_COMPILER_APPICON_NAME = AppIcon;
				ASSETCATALOG_COMPILER_GLOBAL_ACCENT_COLOR_NAME = AccentColor;
				CODE_SIGN_STYLE = Automatic;
				CURRENT_PROJECT_VERSION = 1;
				DEVELOPMENT_TEAM = 8HG96SSK4A;
				GENERATE_INFOPLIST_FILE = YES;
				INFOPLIST_FILE = SeSAC_2ndRecap/Info.plist;
				INFOPLIST_KEY_UIApplicationSupportsIndirectInputEvents = YES;
				INFOPLIST_KEY_UILaunchStoryboardName = LaunchScreen;
				INFOPLIST_KEY_UIMainStoryboardFile = Main;
				INFOPLIST_KEY_UISupportedInterfaceOrientations_iPad = "UIInterfaceOrientationPortrait UIInterfaceOrientationPortraitUpsideDown UIInterfaceOrientationLandscapeLeft UIInterfaceOrientationLandscapeRight";
				INFOPLIST_KEY_UISupportedInterfaceOrientations_iPhone = "UIInterfaceOrientationPortrait UIInterfaceOrientationLandscapeLeft UIInterfaceOrientationLandscapeRight";
				LD_RUNPATH_SEARCH_PATHS = (
					"$(inherited)",
					"@executable_path/Frameworks",
				);
				MARKETING_VERSION = 1.0;
				PRODUCT_BUNDLE_IDENTIFIER = "com.cyndi.SeSAC-2ndRecap";
				PRODUCT_NAME = "$(TARGET_NAME)";
				SWIFT_EMIT_LOC_STRINGS = YES;
				SWIFT_VERSION = 5.0;
				TARGETED_DEVICE_FAMILY = "1,2";
			};
			name = Debug;
		};
		C2F4F3652B8DB0CA00E65588 /* Release */ = {
			isa = XCBuildConfiguration;
			buildSettings = {
				ASSETCATALOG_COMPILER_APPICON_NAME = AppIcon;
				ASSETCATALOG_COMPILER_GLOBAL_ACCENT_COLOR_NAME = AccentColor;
				CODE_SIGN_STYLE = Automatic;
				CURRENT_PROJECT_VERSION = 1;
				DEVELOPMENT_TEAM = 8HG96SSK4A;
				GENERATE_INFOPLIST_FILE = YES;
				INFOPLIST_FILE = SeSAC_2ndRecap/Info.plist;
				INFOPLIST_KEY_UIApplicationSupportsIndirectInputEvents = YES;
				INFOPLIST_KEY_UILaunchStoryboardName = LaunchScreen;
				INFOPLIST_KEY_UIMainStoryboardFile = Main;
				INFOPLIST_KEY_UISupportedInterfaceOrientations_iPad = "UIInterfaceOrientationPortrait UIInterfaceOrientationPortraitUpsideDown UIInterfaceOrientationLandscapeLeft UIInterfaceOrientationLandscapeRight";
				INFOPLIST_KEY_UISupportedInterfaceOrientations_iPhone = "UIInterfaceOrientationPortrait UIInterfaceOrientationLandscapeLeft UIInterfaceOrientationLandscapeRight";
				LD_RUNPATH_SEARCH_PATHS = (
					"$(inherited)",
					"@executable_path/Frameworks",
				);
				MARKETING_VERSION = 1.0;
				PRODUCT_BUNDLE_IDENTIFIER = "com.cyndi.SeSAC-2ndRecap";
				PRODUCT_NAME = "$(TARGET_NAME)";
				SWIFT_EMIT_LOC_STRINGS = YES;
				SWIFT_VERSION = 5.0;
				TARGETED_DEVICE_FAMILY = "1,2";
			};
			name = Release;
		};
/* End XCBuildConfiguration section */

/* Begin XCConfigurationList section */
		C2F4F34A2B8DB0C800E65588 /* Build configuration list for PBXProject "SeSAC_2ndRecap" */ = {
			isa = XCConfigurationList;
			buildConfigurations = (
				C2F4F3612B8DB0CA00E65588 /* Debug */,
				C2F4F3622B8DB0CA00E65588 /* Release */,
			);
			defaultConfigurationIsVisible = 0;
			defaultConfigurationName = Release;
		};
		C2F4F3632B8DB0CA00E65588 /* Build configuration list for PBXNativeTarget "SeSAC_2ndRecap" */ = {
			isa = XCConfigurationList;
			buildConfigurations = (
				C2F4F3642B8DB0CA00E65588 /* Debug */,
				C2F4F3652B8DB0CA00E65588 /* Release */,
			);
			defaultConfigurationIsVisible = 0;
			defaultConfigurationName = Release;
		};
/* End XCConfigurationList section */

/* Begin XCRemoteSwiftPackageReference section */
		C2F4F36C2B8DB3D100E65588 /* XCRemoteSwiftPackageReference "Then" */ = {
			isa = XCRemoteSwiftPackageReference;
			repositoryURL = "https://github.com/devxoul/Then.git";
			requirement = {
				kind = upToNextMajorVersion;
				minimumVersion = 3.0.0;
			};
		};
		C2F4F3742B8DB83E00E65588 /* XCRemoteSwiftPackageReference "SnapKit" */ = {
			isa = XCRemoteSwiftPackageReference;
			repositoryURL = "https://github.com/SnapKit/SnapKit.git";
			requirement = {
				kind = upToNextMajorVersion;
				minimumVersion = 5.7.1;
			};
		};
		C2F4F3832B8DC37100E65588 /* XCRemoteSwiftPackageReference "Alamofire" */ = {
			isa = XCRemoteSwiftPackageReference;
			repositoryURL = "https://github.com/Alamofire/Alamofire";
			requirement = {
				kind = upToNextMajorVersion;
				minimumVersion = 5.8.1;
			};
		};
		C2F4F3942B8DEAC700E65588 /* XCRemoteSwiftPackageReference "Kingfisher" */ = {
			isa = XCRemoteSwiftPackageReference;
			repositoryURL = "https://github.com/onevcat/Kingfisher";
			requirement = {
				kind = upToNextMajorVersion;
				minimumVersion = 7.11.0;
			};
		};
		C2F4F3BF2B8F033400E65588 /* XCRemoteSwiftPackageReference "realm-swift" */ = {
			isa = XCRemoteSwiftPackageReference;
			repositoryURL = "https://github.com/realm/realm-swift";
			requirement = {
				branch = master;
				kind = branch;
			};
		};
		C2F4F3D02B8F445500E65588 /* XCRemoteSwiftPackageReference "Charts" */ = {
			isa = XCRemoteSwiftPackageReference;
			repositoryURL = "https://github.com/danielgindi/Charts";
			requirement = {
				kind = upToNextMajorVersion;
				minimumVersion = 5.1.0;
			};
		};
		C2F4F4042B90567C00E65588 /* XCRemoteSwiftPackageReference "Toast-Swift" */ = {
			isa = XCRemoteSwiftPackageReference;
			repositoryURL = "https://github.com/scalessec/Toast-Swift";
			requirement = {
				kind = upToNextMajorVersion;
				minimumVersion = 5.1.0;
			};
		};
/* End XCRemoteSwiftPackageReference section */

/* Begin XCSwiftPackageProductDependency section */
		C2F4F36D2B8DB3D100E65588 /* Then */ = {
			isa = XCSwiftPackageProductDependency;
			package = C2F4F36C2B8DB3D100E65588 /* XCRemoteSwiftPackageReference "Then" */;
			productName = Then;
		};
		C2F4F3752B8DB83F00E65588 /* SnapKit */ = {
			isa = XCSwiftPackageProductDependency;
			package = C2F4F3742B8DB83E00E65588 /* XCRemoteSwiftPackageReference "SnapKit" */;
			productName = SnapKit;
		};
		C2F4F3772B8DB83F00E65588 /* SnapKit-Dynamic */ = {
			isa = XCSwiftPackageProductDependency;
			package = C2F4F3742B8DB83E00E65588 /* XCRemoteSwiftPackageReference "SnapKit" */;
			productName = "SnapKit-Dynamic";
		};
		C2F4F3842B8DC37100E65588 /* Alamofire */ = {
			isa = XCSwiftPackageProductDependency;
			package = C2F4F3832B8DC37100E65588 /* XCRemoteSwiftPackageReference "Alamofire" */;
			productName = Alamofire;
		};
		C2F4F3952B8DEAC700E65588 /* Kingfisher */ = {
			isa = XCSwiftPackageProductDependency;
			package = C2F4F3942B8DEAC700E65588 /* XCRemoteSwiftPackageReference "Kingfisher" */;
			productName = Kingfisher;
		};
		C2F4F3C02B8F033400E65588 /* Realm */ = {
			isa = XCSwiftPackageProductDependency;
			package = C2F4F3BF2B8F033400E65588 /* XCRemoteSwiftPackageReference "realm-swift" */;
			productName = Realm;
		};
		C2F4F3C22B8F033400E65588 /* RealmSwift */ = {
			isa = XCSwiftPackageProductDependency;
			package = C2F4F3BF2B8F033400E65588 /* XCRemoteSwiftPackageReference "realm-swift" */;
			productName = RealmSwift;
		};
		C2F4F3D12B8F445500E65588 /* DGCharts */ = {
			isa = XCSwiftPackageProductDependency;
			package = C2F4F3D02B8F445500E65588 /* XCRemoteSwiftPackageReference "Charts" */;
			productName = DGCharts;
		};
		C2F4F3D32B8F445500E65588 /* DGChartsDynamic */ = {
			isa = XCSwiftPackageProductDependency;
			package = C2F4F3D02B8F445500E65588 /* XCRemoteSwiftPackageReference "Charts" */;
			productName = DGChartsDynamic;
		};
		C2F4F4052B90567C00E65588 /* Toast */ = {
			isa = XCSwiftPackageProductDependency;
			package = C2F4F4042B90567C00E65588 /* XCRemoteSwiftPackageReference "Toast-Swift" */;
			productName = Toast;
		};
/* End XCSwiftPackageProductDependency section */
	};
	rootObject = C2F4F3472B8DB0C800E65588 /* Project object */;
}
